// !$*UTF8*$!
{
	archiveVersion = 1;
	classes = {
	};
	objectVersion = 56;
	objects = {

/* Begin PBXBuildFile section */
		BB0AC6C129975D22002CAAA4 /* Boolean+Ext.swift in Sources */ = {isa = PBXBuildFile; fileRef = BB0AC6C029975D22002CAAA4 /* Boolean+Ext.swift */; };
		BB0AC6C329A0E307002CAAA4 /* AddTodoModal.storyboard in Resources */ = {isa = PBXBuildFile; fileRef = BB0AC6C229A0E307002CAAA4 /* AddTodoModal.storyboard */; };
		BB0AC6C529A0E346002CAAA4 /* AddTodoModalVC.swift in Sources */ = {isa = PBXBuildFile; fileRef = BB0AC6C429A0E346002CAAA4 /* AddTodoModalVC.swift */; };
		BB0AC6CB29A16324002CAAA4 /* TodoCell.swift in Sources */ = {isa = PBXBuildFile; fileRef = BB0AC6CA29A16324002CAAA4 /* TodoCell.swift */; };
		BB1AE89A2997340C001EA3AD /* TodoViewModel.swift in Sources */ = {isa = PBXBuildFile; fileRef = BB1AE8992997340C001EA3AD /* TodoViewModel.swift */; };
		BB1AE89D29973586001EA3AD /* String+Ext.swift in Sources */ = {isa = PBXBuildFile; fileRef = BB1AE89C29973586001EA3AD /* String+Ext.swift */; };
		BB1AE89F29973E3C001EA3AD /* CustomButton+Ext.swift in Sources */ = {isa = PBXBuildFile; fileRef = BB1AE89E29973E3C001EA3AD /* CustomButton+Ext.swift */; };
		BB551D6B299142D1000EECF3 /* AppDelegate.swift in Sources */ = {isa = PBXBuildFile; fileRef = BB551D6A299142D1000EECF3 /* AppDelegate.swift */; };
		BB551D6D299142D1000EECF3 /* SceneDelegate.swift in Sources */ = {isa = PBXBuildFile; fileRef = BB551D6C299142D1000EECF3 /* SceneDelegate.swift */; };
		BB551D6F299142D1000EECF3 /* ViewController.swift in Sources */ = {isa = PBXBuildFile; fileRef = BB551D6E299142D1000EECF3 /* ViewController.swift */; };
		BB551D72299142D1000EECF3 /* Main.storyboard in Resources */ = {isa = PBXBuildFile; fileRef = BB551D70299142D1000EECF3 /* Main.storyboard */; };
		BB551D74299142D2000EECF3 /* Assets.xcassets in Resources */ = {isa = PBXBuildFile; fileRef = BB551D73299142D2000EECF3 /* Assets.xcassets */; };
		BB551D77299142D2000EECF3 /* LaunchScreen.storyboard in Resources */ = {isa = PBXBuildFile; fileRef = BB551D75299142D2000EECF3 /* LaunchScreen.storyboard */; };
		BB551D822991432A000EECF3 /* Todo.swift in Sources */ = {isa = PBXBuildFile; fileRef = BB551D812991432A000EECF3 /* Todo.swift */; };
		BBC1B34729A1C38B00068C07 /* TodoDetailVC.swift in Sources */ = {isa = PBXBuildFile; fileRef = BBC1B34629A1C38B00068C07 /* TodoDetailVC.swift */; };
		BBC1B34929A1C3BA00068C07 /* TodoDetail.storyboard in Resources */ = {isa = PBXBuildFile; fileRef = BBC1B34829A1C3BA00068C07 /* TodoDetail.storyboard */; };
/* End PBXBuildFile section */

/* Begin PBXFileReference section */
		BB0AC6C029975D22002CAAA4 /* Boolean+Ext.swift */ = {isa = PBXFileReference; lastKnownFileType = sourcecode.swift; path = "Boolean+Ext.swift"; sourceTree = "<group>"; };
		BB0AC6C229A0E307002CAAA4 /* AddTodoModal.storyboard */ = {isa = PBXFileReference; lastKnownFileType = file.storyboard; path = AddTodoModal.storyboard; sourceTree = "<group>"; };
		BB0AC6C429A0E346002CAAA4 /* AddTodoModalVC.swift */ = {isa = PBXFileReference; lastKnownFileType = sourcecode.swift; path = AddTodoModalVC.swift; sourceTree = "<group>"; };
		BB0AC6CA29A16324002CAAA4 /* TodoCell.swift */ = {isa = PBXFileReference; lastKnownFileType = sourcecode.swift; path = TodoCell.swift; sourceTree = "<group>"; };
		BB1AE8992997340C001EA3AD /* TodoViewModel.swift */ = {isa = PBXFileReference; lastKnownFileType = sourcecode.swift; path = TodoViewModel.swift; sourceTree = "<group>"; };
		BB1AE89C29973586001EA3AD /* String+Ext.swift */ = {isa = PBXFileReference; lastKnownFileType = sourcecode.swift; path = "String+Ext.swift"; sourceTree = "<group>"; };
		BB1AE89E29973E3C001EA3AD /* CustomButton+Ext.swift */ = {isa = PBXFileReference; lastKnownFileType = sourcecode.swift; path = "CustomButton+Ext.swift"; sourceTree = "<group>"; };
		BB551D67299142D1000EECF3 /* todoList.app */ = {isa = PBXFileReference; explicitFileType = wrapper.application; includeInIndex = 0; path = todoList.app; sourceTree = BUILT_PRODUCTS_DIR; };
		BB551D6A299142D1000EECF3 /* AppDelegate.swift */ = {isa = PBXFileReference; lastKnownFileType = sourcecode.swift; path = AppDelegate.swift; sourceTree = "<group>"; };
		BB551D6C299142D1000EECF3 /* SceneDelegate.swift */ = {isa = PBXFileReference; lastKnownFileType = sourcecode.swift; path = SceneDelegate.swift; sourceTree = "<group>"; };
		BB551D6E299142D1000EECF3 /* ViewController.swift */ = {isa = PBXFileReference; lastKnownFileType = sourcecode.swift; path = ViewController.swift; sourceTree = "<group>"; };
		BB551D71299142D1000EECF3 /* Base */ = {isa = PBXFileReference; lastKnownFileType = file.storyboard; name = Base; path = Base.lproj/Main.storyboard; sourceTree = "<group>"; };
		BB551D73299142D2000EECF3 /* Assets.xcassets */ = {isa = PBXFileReference; lastKnownFileType = folder.assetcatalog; path = Assets.xcassets; sourceTree = "<group>"; };
		BB551D76299142D2000EECF3 /* Base */ = {isa = PBXFileReference; lastKnownFileType = file.storyboard; name = Base; path = Base.lproj/LaunchScreen.storyboard; sourceTree = "<group>"; };
		BB551D78299142D2000EECF3 /* Info.plist */ = {isa = PBXFileReference; lastKnownFileType = text.plist.xml; path = Info.plist; sourceTree = "<group>"; };
		BB551D812991432A000EECF3 /* Todo.swift */ = {isa = PBXFileReference; lastKnownFileType = sourcecode.swift; path = Todo.swift; sourceTree = "<group>"; };
		BBC1B34629A1C38B00068C07 /* TodoDetailVC.swift */ = {isa = PBXFileReference; lastKnownFileType = sourcecode.swift; path = TodoDetailVC.swift; sourceTree = "<group>"; };
		BBC1B34829A1C3BA00068C07 /* TodoDetail.storyboard */ = {isa = PBXFileReference; lastKnownFileType = file.storyboard; path = TodoDetail.storyboard; sourceTree = "<group>"; };
/* End PBXFileReference section */

/* Begin PBXFrameworksBuildPhase section */
		BB551D64299142D1000EECF3 /* Frameworks */ = {
			isa = PBXFrameworksBuildPhase;
			buildActionMask = 2147483647;
			files = (
			);
			runOnlyForDeploymentPostprocessing = 0;
		};
/* End PBXFrameworksBuildPhase section */

/* Begin PBXGroup section */
		BB1AE89B29973540001EA3AD /* Extensions */ = {
			isa = PBXGroup;
			children = (
				BB1AE89C29973586001EA3AD /* String+Ext.swift */,
				BB1AE89E29973E3C001EA3AD /* CustomButton+Ext.swift */,
				BB0AC6C029975D22002CAAA4 /* Boolean+Ext.swift */,
			);
			path = Extensions;
			sourceTree = "<group>";
		};
		BB551D5E299142D1000EECF3 = {
			isa = PBXGroup;
			children = (
				BB551D69299142D1000EECF3 /* todoList */,
				BB551D68299142D1000EECF3 /* Products */,
			);
			sourceTree = "<group>";
		};
		BB551D68299142D1000EECF3 /* Products */ = {
			isa = PBXGroup;
			children = (
				BB551D67299142D1000EECF3 /* todoList.app */,
			);
			name = Products;
			sourceTree = "<group>";
		};
		BB551D69299142D1000EECF3 /* todoList */ = {
			isa = PBXGroup;
			children = (
				BB1AE89B29973540001EA3AD /* Extensions */,
				BB551D80299142FE000EECF3 /* View */,
				BB551D7F299142F8000EECF3 /* ViewModels */,
				BB551D7E299142F0000EECF3 /* Models */,
				BB551D6A299142D1000EECF3 /* AppDelegate.swift */,
				BB551D6C299142D1000EECF3 /* SceneDelegate.swift */,
				BB551D70299142D1000EECF3 /* Main.storyboard */,
				BBC1B34829A1C3BA00068C07 /* TodoDetail.storyboard */,
				BB0AC6C229A0E307002CAAA4 /* AddTodoModal.storyboard */,
				BB551D73299142D2000EECF3 /* Assets.xcassets */,
				BB551D75299142D2000EECF3 /* LaunchScreen.storyboard */,
				BB551D78299142D2000EECF3 /* Info.plist */,
			);
			path = todoList;
			sourceTree = "<group>";
		};
		BB551D7E299142F0000EECF3 /* Models */ = {
			isa = PBXGroup;
			children = (
				BB551D812991432A000EECF3 /* Todo.swift */,
			);
			path = Models;
			sourceTree = "<group>";
		};
		BB551D7F299142F8000EECF3 /* ViewModels */ = {
			isa = PBXGroup;
			children = (
				BB1AE8992997340C001EA3AD /* TodoViewModel.swift */,
			);
			path = ViewModels;
			sourceTree = "<group>";
		};
		BB551D80299142FE000EECF3 /* View */ = {
			isa = PBXGroup;
			children = (
				BB551D6E299142D1000EECF3 /* ViewController.swift */,
				BB0AC6C429A0E346002CAAA4 /* AddTodoModalVC.swift */,
				BB0AC6CA29A16324002CAAA4 /* TodoCell.swift */,
				BBC1B34629A1C38B00068C07 /* TodoDetailVC.swift */,
			);
			path = View;
			sourceTree = "<group>";
		};
/* End PBXGroup section */

/* Begin PBXNativeTarget section */
		BB551D66299142D1000EECF3 /* todoList */ = {
			isa = PBXNativeTarget;
			buildConfigurationList = BB551D7B299142D2000EECF3 /* Build configuration list for PBXNativeTarget "todoList" */;
			buildPhases = (
				BB551D63299142D1000EECF3 /* Sources */,
				BB551D64299142D1000EECF3 /* Frameworks */,
				BB551D65299142D1000EECF3 /* Resources */,
			);
			buildRules = (
			);
			dependencies = (
			);
			name = todoList;
			productName = todoList;
			productReference = BB551D67299142D1000EECF3 /* todoList.app */;
			productType = "com.apple.product-type.application";
		};
/* End PBXNativeTarget section */

/* Begin PBXProject section */
		BB551D5F299142D1000EECF3 /* Project object */ = {
			isa = PBXProject;
			attributes = {
				BuildIndependentTargetsInParallel = 1;
				LastSwiftUpdateCheck = 1400;
				LastUpgradeCheck = 1400;
				TargetAttributes = {
					BB551D66299142D1000EECF3 = {
						CreatedOnToolsVersion = 14.0.1;
					};
				};
			};
			buildConfigurationList = BB551D62299142D1000EECF3 /* Build configuration list for PBXProject "todoList" */;
			compatibilityVersion = "Xcode 14.0";
			developmentRegion = en;
			hasScannedForEncodings = 0;
			knownRegions = (
				en,
				Base,
			);
			mainGroup = BB551D5E299142D1000EECF3;
			productRefGroup = BB551D68299142D1000EECF3 /* Products */;
			projectDirPath = "";
			projectRoot = "";
			targets = (
				BB551D66299142D1000EECF3 /* todoList */,
			);
		};
/* End PBXProject section */

/* Begin PBXResourcesBuildPhase section */
		BB551D65299142D1000EECF3 /* Resources */ = {
			isa = PBXResourcesBuildPhase;
			buildActionMask = 2147483647;
			files = (
				BBC1B34929A1C3BA00068C07 /* TodoDetail.storyboard in Resources */,
				BB551D77299142D2000EECF3 /* LaunchScreen.storyboard in Resources */,
				BB551D74299142D2000EECF3 /* Assets.xcassets in Resources */,
				BB0AC6C329A0E307002CAAA4 /* AddTodoModal.storyboard in Resources */,
				BB551D72299142D1000EECF3 /* Main.storyboard in Resources */,
			);
			runOnlyForDeploymentPostprocessing = 0;
		};
/* End PBXResourcesBuildPhase section */

/* Begin PBXSourcesBuildPhase section */
		BB551D63299142D1000EECF3 /* Sources */ = {
			isa = PBXSourcesBuildPhase;
			buildActionMask = 2147483647;
			files = (
				BB0AC6C129975D22002CAAA4 /* Boolean+Ext.swift in Sources */,
				BB1AE89D29973586001EA3AD /* String+Ext.swift in Sources */,
				BB551D6F299142D1000EECF3 /* ViewController.swift in Sources */,
				BB0AC6CB29A16324002CAAA4 /* TodoCell.swift in Sources */,
				BB551D6B299142D1000EECF3 /* AppDelegate.swift in Sources */,
				BB551D6D299142D1000EECF3 /* SceneDelegate.swift in Sources */,
				BBC1B34729A1C38B00068C07 /* TodoDetailVC.swift in Sources */,
				BB1AE89F29973E3C001EA3AD /* CustomButton+Ext.swift in Sources */,
				BB551D822991432A000EECF3 /* Todo.swift in Sources */,
				BB0AC6C529A0E346002CAAA4 /* AddTodoModalVC.swift in Sources */,
				BB1AE89A2997340C001EA3AD /* TodoViewModel.swift in Sources */,
			);
			runOnlyForDeploymentPostprocessing = 0;
		};
/* End PBXSourcesBuildPhase section */

/* Begin PBXVariantGroup section */
		BB551D70299142D1000EECF3 /* Main.storyboard */ = {
			isa = PBXVariantGroup;
			children = (
				BB551D71299142D1000EECF3 /* Base */,
			);
			name = Main.storyboard;
			sourceTree = "<group>";
		};
		BB551D75299142D2000EECF3 /* LaunchScreen.storyboard */ = {
			isa = PBXVariantGroup;
			children = (
				BB551D76299142D2000EECF3 /* Base */,
			);
			name = LaunchScreen.storyboard;
			sourceTree = "<group>";
		};
/* End PBXVariantGroup section */

/* Begin XCBuildConfiguration section */
		BB551D79299142D2000EECF3 /* Debug */ = {
			isa = XCBuildConfiguration;
			buildSettings = {
				ALWAYS_SEARCH_USER_PATHS = NO;
				CLANG_ANALYZER_NONNULL = YES;
				CLANG_ANALYZER_NUMBER_OBJECT_CONVERSION = YES_AGGRESSIVE;
				CLANG_CXX_LANGUAGE_STANDARD = "gnu++20";
				CLANG_ENABLE_MODULES = YES;
				CLANG_ENABLE_OBJC_ARC = YES;
				CLANG_ENABLE_OBJC_WEAK = YES;
				CLANG_WARN_BLOCK_CAPTURE_AUTORELEASING = YES;
				CLANG_WARN_BOOL_CONVERSION = YES;
				CLANG_WARN_COMMA = YES;
				CLANG_WARN_CONSTANT_CONVERSION = YES;
				CLANG_WARN_DEPRECATED_OBJC_IMPLEMENTATIONS = YES;
				CLANG_WARN_DIRECT_OBJC_ISA_USAGE = YES_ERROR;
				CLANG_WARN_DOCUMENTATION_COMMENTS = YES;
				CLANG_WARN_EMPTY_BODY = YES;
				CLANG_WARN_ENUM_CONVERSION = YES;
				CLANG_WARN_INFINITE_RECURSION = YES;
				CLANG_WARN_INT_CONVERSION = YES;
				CLANG_WARN_NON_LITERAL_NULL_CONVERSION = YES;
				CLANG_WARN_OBJC_IMPLICIT_RETAIN_SELF = YES;
				CLANG_WARN_OBJC_LITERAL_CONVERSION = YES;
				CLANG_WARN_OBJC_ROOT_CLASS = YES_ERROR;
				CLANG_WARN_QUOTED_INCLUDE_IN_FRAMEWORK_HEADER = YES;
				CLANG_WARN_RANGE_LOOP_ANALYSIS = YES;
				CLANG_WARN_STRICT_PROTOTYPES = YES;
				CLANG_WARN_SUSPICIOUS_MOVE = YES;
				CLANG_WARN_UNGUARDED_AVAILABILITY = YES_AGGRESSIVE;
				CLANG_WARN_UNREACHABLE_CODE = YES;
				CLANG_WARN__DUPLICATE_METHOD_MATCH = YES;
				COPY_PHASE_STRIP = NO;
				DEBUG_INFORMATION_FORMAT = dwarf;
				ENABLE_STRICT_OBJC_MSGSEND = YES;
				ENABLE_TESTABILITY = YES;
				GCC_C_LANGUAGE_STANDARD = gnu11;
				GCC_DYNAMIC_NO_PIC = NO;
				GCC_NO_COMMON_BLOCKS = YES;
				GCC_OPTIMIZATION_LEVEL = 0;
				GCC_PREPROCESSOR_DEFINITIONS = (
					"DEBUG=1",
					"$(inherited)",
				);
				GCC_WARN_64_TO_32_BIT_CONVERSION = YES;
				GCC_WARN_ABOUT_RETURN_TYPE = YES_ERROR;
				GCC_WARN_UNDECLARED_SELECTOR = YES;
				GCC_WARN_UNINITIALIZED_AUTOS = YES_AGGRESSIVE;
				GCC_WARN_UNUSED_FUNCTION = YES;
				GCC_WARN_UNUSED_VARIABLE = YES;
				IPHONEOS_DEPLOYMENT_TARGET = 16.0;
				MTL_ENABLE_DEBUG_INFO = INCLUDE_SOURCE;
				MTL_FAST_MATH = YES;
				ONLY_ACTIVE_ARCH = YES;
				SDKROOT = iphoneos;
				SWIFT_ACTIVE_COMPILATION_CONDITIONS = DEBUG;
				SWIFT_OPTIMIZATION_LEVEL = "-Onone";
			};
			name = Debug;
		};
		BB551D7A299142D2000EECF3 /* Release */ = {
			isa = XCBuildConfiguration;
			buildSettings = {
				ALWAYS_SEARCH_USER_PATHS = NO;
				CLANG_ANALYZER_NONNULL = YES;
				CLANG_ANALYZER_NUMBER_OBJECT_CONVERSION = YES_AGGRESSIVE;
				CLANG_CXX_LANGUAGE_STANDARD = "gnu++20";
				CLANG_ENABLE_MODULES = YES;
				CLANG_ENABLE_OBJC_ARC = YES;
				CLANG_ENABLE_OBJC_WEAK = YES;
				CLANG_WARN_BLOCK_CAPTURE_AUTORELEASING = YES;
				CLANG_WARN_BOOL_CONVERSION = YES;
				CLANG_WARN_COMMA = YES;
				CLANG_WARN_CONSTANT_CONVERSION = YES;
				CLANG_WARN_DEPRECATED_OBJC_IMPLEMENTATIONS = YES;
				CLANG_WARN_DIRECT_OBJC_ISA_USAGE = YES_ERROR;
				CLANG_WARN_DOCUMENTATION_COMMENTS = YES;
				CLANG_WARN_EMPTY_BODY = YES;
				CLANG_WARN_ENUM_CONVERSION = YES;
				CLANG_WARN_INFINITE_RECURSION = YES;
				CLANG_WARN_INT_CONVERSION = YES;
				CLANG_WARN_NON_LITERAL_NULL_CONVERSION = YES;
				CLANG_WARN_OBJC_IMPLICIT_RETAIN_SELF = YES;
				CLANG_WARN_OBJC_LITERAL_CONVERSION = YES;
				CLANG_WARN_OBJC_ROOT_CLASS = YES_ERROR;
				CLANG_WARN_QUOTED_INCLUDE_IN_FRAMEWORK_HEADER = YES;
				CLANG_WARN_RANGE_LOOP_ANALYSIS = YES;
				CLANG_WARN_STRICT_PROTOTYPES = YES;
				CLANG_WARN_SUSPICIOUS_MOVE = YES;
				CLANG_WARN_UNGUARDED_AVAILABILITY = YES_AGGRESSIVE;
				CLANG_WARN_UNREACHABLE_CODE = YES;
				CLANG_WARN__DUPLICATE_METHOD_MATCH = YES;
				COPY_PHASE_STRIP = NO;
				DEBUG_INFORMATION_FORMAT = "dwarf-with-dsym";
				ENABLE_NS_ASSERTIONS = NO;
				ENABLE_STRICT_OBJC_MSGSEND = YES;
				GCC_C_LANGUAGE_STANDARD = gnu11;
				GCC_NO_COMMON_BLOCKS = YES;
				GCC_WARN_64_TO_32_BIT_CONVERSION = YES;
				GCC_WARN_ABOUT_RETURN_TYPE = YES_ERROR;
				GCC_WARN_UNDECLARED_SELECTOR = YES;
				GCC_WARN_UNINITIALIZED_AUTOS = YES_AGGRESSIVE;
				GCC_WARN_UNUSED_FUNCTION = YES;
				GCC_WARN_UNUSED_VARIABLE = YES;
				IPHONEOS_DEPLOYMENT_TARGET = 16.0;
				MTL_ENABLE_DEBUG_INFO = NO;
				MTL_FAST_MATH = YES;
				SDKROOT = iphoneos;
				SWIFT_COMPILATION_MODE = wholemodule;
				SWIFT_OPTIMIZATION_LEVEL = "-O";
				VALIDATE_PRODUCT = YES;
			};
			name = Release;
		};
		BB551D7C299142D2000EECF3 /* Debug */ = {
			isa = XCBuildConfiguration;
			buildSettings = {
				ASSETCATALOG_COMPILER_APPICON_NAME = AppIcon;
				ASSETCATALOG_COMPILER_GLOBAL_ACCENT_COLOR_NAME = AccentColor;
				CODE_SIGN_STYLE = Automatic;
				CURRENT_PROJECT_VERSION = 1;
				GENERATE_INFOPLIST_FILE = YES;
				INFOPLIST_FILE = todoList/Info.plist;
				INFOPLIST_KEY_UIApplicationSupportsIndirectInputEvents = YES;
				INFOPLIST_KEY_UILaunchStoryboardName = LaunchScreen;
				INFOPLIST_KEY_UIMainStoryboardFile = Main;
				INFOPLIST_KEY_UISupportedInterfaceOrientations_iPad = "UIInterfaceOrientationPortrait UIInterfaceOrientationPortraitUpsideDown UIInterfaceOrientationLandscapeLeft UIInterfaceOrientationLandscapeRight";
				INFOPLIST_KEY_UISupportedInterfaceOrientations_iPhone = "UIInterfaceOrientationPortrait UIInterfaceOrientationLandscapeLeft UIInterfaceOrientationLandscapeRight";
				LD_RUNPATH_SEARCH_PATHS = (
					"$(inherited)",
					"@executable_path/Frameworks",
				);
				MARKETING_VERSION = 1.0;
				PRODUCT_BUNDLE_IDENTIFIER = com.uikit.todoList;
				PRODUCT_NAME = "$(TARGET_NAME)";
				SWIFT_EMIT_LOC_STRINGS = YES;
				SWIFT_VERSION = 5.0;
				TARGETED_DEVICE_FAMILY = "1,2";
			};
			name = Debug;
		};
		BB551D7D299142D2000EECF3 /* Release */ = {
			isa = XCBuildConfiguration;
			buildSettings = {
				ASSETCATALOG_COMPILER_APPICON_NAME = AppIcon;
				ASSETCATALOG_COMPILER_GLOBAL_ACCENT_COLOR_NAME = AccentColor;
				CODE_SIGN_STYLE = Automatic;
				CURRENT_PROJECT_VERSION = 1;
				GENERATE_INFOPLIST_FILE = YES;
				INFOPLIST_FILE = todoList/Info.plist;
				INFOPLIST_KEY_UIApplicationSupportsIndirectInputEvents = YES;
				INFOPLIST_KEY_UILaunchStoryboardName = LaunchScreen;
				INFOPLIST_KEY_UIMainStoryboardFile = Main;
				INFOPLIST_KEY_UISupportedInterfaceOrientations_iPad = "UIInterfaceOrientationPortrait UIInterfaceOrientationPortraitUpsideDown UIInterfaceOrientationLandscapeLeft UIInterfaceOrientationLandscapeRight";
				INFOPLIST_KEY_UISupportedInterfaceOrientations_iPhone = "UIInterfaceOrientationPortrait UIInterfaceOrientationLandscapeLeft UIInterfaceOrientationLandscapeRight";
				LD_RUNPATH_SEARCH_PATHS = (
					"$(inherited)",
					"@executable_path/Frameworks",
				);
				MARKETING_VERSION = 1.0;
				PRODUCT_BUNDLE_IDENTIFIER = com.uikit.todoList;
				PRODUCT_NAME = "$(TARGET_NAME)";
				SWIFT_EMIT_LOC_STRINGS = YES;
				SWIFT_VERSION = 5.0;
				TARGETED_DEVICE_FAMILY = "1,2";
			};
			name = Release;
		};
/* End XCBuildConfiguration section */

/* Begin XCConfigurationList section */
		BB551D62299142D1000EECF3 /* Build configuration list for PBXProject "todoList" */ = {
			isa = XCConfigurationList;
			buildConfigurations = (
				BB551D79299142D2000EECF3 /* Debug */,
				BB551D7A299142D2000EECF3 /* Release */,
			);
			defaultConfigurationIsVisible = 0;
			defaultConfigurationName = Release;
		};
		BB551D7B299142D2000EECF3 /* Build configuration list for PBXNativeTarget "todoList" */ = {
			isa = XCConfigurationList;
			buildConfigurations = (
				BB551D7C299142D2000EECF3 /* Debug */,
				BB551D7D299142D2000EECF3 /* Release */,
			);
			defaultConfigurationIsVisible = 0;
			defaultConfigurationName = Release;
		};
/* End XCConfigurationList section */
	};
	rootObject = BB551D5F299142D1000EECF3 /* Project object */;
}
